
Microsoft Visual Studio Solution File, Format Version 12.00
# Visual Studio Version 16
VisualStudioVersion = 16.0.810.11
MinimumVisualStudioVersion = 10.0.40219.1
Project("{D954291E-2A0B-460D-934E-DC6B0785DB48}") = "AHGMinecraftDatapackByRobyn", "AHGMinecraftDatapackByRobyn\AHGMinecraftDatapackByRobyn.shproj", "{A4069AD8-0F11-405E-A4D5-81E5FBFB268F}"
EndProject
Global
	GlobalSection(SolutionConfigurationPlatforms) = preSolution
	EndGlobalSection
	GlobalSection(ProjectConfigurationPlatforms) = postSolution
	EndGlobalSection
	GlobalSection(SolutionProperties) = preSolution
		HideSolutionNode = FALSE
	EndGlobalSection
	GlobalSection(ExtensibilityGlobals) = postSolution
		SolutionGuid = {188B0477-567E-4928-8B98-2A7C57BF803E}
	EndGlobalSection
EndGlobal
